
Microsoft Visual Studio Solution File, Format Version 12.00
# Visual Studio Version 17
VisualStudioVersion = 17.4.33122.133
MinimumVisualStudioVersion = 10.0.40219.1
Project("{FAE04EC0-301F-11D3-BF4B-00C04F79EFBC}") = "WinFormsApp1", "WinFormsApp1\WinFormsApp1.csproj", "{853F2969-C857-4B5F-BE5A-AA68D70B5320}"
EndProject
Global
	GlobalSection(SolutionConfigurationPlatforms) = preSolution
		Debug|Any CPU = Debug|Any CPU
		Release|Any CPU = Release|Any CPU
	EndGlobalSection
	GlobalSection(ProjectConfigurationPlatforms) = postSolution
		{853F2969-C857-4B5F-BE5A-AA68D70B5320}.Debug|Any CPU.ActiveCfg = Debug|Any CPU
		{853F2969-C857-4B5F-BE5A-AA68D70B5320}.Debug|Any CPU.Build.0 = Debug|Any CPU
		{853F2969-C857-4B5F-BE5A-AA68D70B5320}.Release|Any CPU.ActiveCfg = Release|Any CPU
		{853F2969-C857-4B5F-BE5A-AA68D70B5320}.Release|Any CPU.Build.0 = Release|Any CPU
	EndGlobalSection
	GlobalSection(SolutionProperties) = preSolution
		HideSolutionNode = FALSE
	EndGlobalSection
	GlobalSection(ExtensibilityGlobals) = postSolution
		SolutionGuid = {2A81C89A-CA5A-4D41-ABA7-0C7951AFD4FD}
	EndGlobalSection
EndGlobal
